PODS:
  - Alamofire (2.0.2)
  - Bolts/Tasks (1.4.0)
  - ChouTi/ChouTi (1.0):
    - ChouTi/ChouTi/Animators (= 1.0)
    - ChouTi/ChouTi/CollectionViewLayouts (= 1.0)
    - ChouTi/ChouTi/Extensions (= 1.0)
    - ChouTi/ChouTi/Protocols (= 1.0)
    - ChouTi/ChouTi/Utility (= 1.0)
  - ChouTi/ChouTi/Animators (1.0)
  - ChouTi/ChouTi/CollectionViewLayouts (1.0)
  - ChouTi/ChouTi/Extensions (1.0)
  - ChouTi/ChouTi/Protocols (1.0)
  - ChouTi/ChouTi/Utility (1.0)
  - ChouTi/Safe (1.0):
    - ChouTi/ChouTi
    - ChouTi/UI
  - ChouTi/UI (1.0):
    - ChouTi/UI/AutoLinesLabel (= 1.0)
    - ChouTi/UI/MenuPageViewController (= 1.0)
    - ChouTi/UI/SegmentedControl (= 1.0)
  - ChouTi/UI/AutoLinesLabel (1.0)
  - ChouTi/UI/MenuPageViewController (1.0)
  - ChouTi/UI/SegmentedControl (1.0)
  - Ji (1.2.0):
    - Ji/Ji (= 1.2.0)
  - Ji/Ji (1.2.0):
    - Ji/Ji-libxml
  - Ji/Ji-libxml (1.2.0)
  - Loggerithm (1.3)
  - Parse (1.9.1):
    - Bolts/Tasks (>= 1.4.0)
  - Watchdog (1.0.2)

DEPENDENCIES:
  - Alamofire (~> 2.0)
  - ChouTi/ChouTi (from `../Submodules/ChouTi/`)
  - ChouTi/Safe (from `../Submodules/ChouTi/`)
  - ChouTi/UI (from `../Submodules/ChouTi/`)
  - Ji (~> 1.2.0)
  - Loggerithm (~> 1.3)
  - Parse
  - Watchdog

EXTERNAL SOURCES:
  ChouTi:
    :path: "../Submodules/ChouTi/"

SPEC CHECKSUMS:
  Alamofire: 8edbab00802a752bb5240cc2abe70e7e881488ad
  Bolts: 0e9bce58b9b9f5e8a7a4d47b16d2fabec289072b
  ChouTi: bffb4f8467c35e3dc26542369ed83e816c03c8b1
  Ji: ddebb22f9ac445db6e884b66f78ea74fb135fdb7
  Loggerithm: 23ec82a8f7907832758cb93f15c33a85de0ed99b
  Parse: 54a965c8c19a6dde90284ab654dbcc77ef8c001b
  Watchdog: df151f580ea32831011cef05eda6c42385cd8423

COCOAPODS: 0.39.0
